
Microsoft Visual Studio Solution File, Format Version 12.00
# Visual Studio Version 17
VisualStudioVersion = 17.14.36408.4
MinimumVisualStudioVersion = 10.0.40219.1
Project("{FAE04EC0-301F-11D3-BF4B-00C04F79EFBC}") = "Portfolio", "Portfolio.csproj", "{79D93D64-45A4-4F97-89BE-99A569F65E2A}"
EndProject
Project("{FAE04EC0-301F-11D3-BF4B-00C04F79EFBC}") = "TestProject1", "..\TestProject1\TestProject1.csproj", "{0460336D-623A-4BCC-87EB-4D5C9643F347}"
EndProject
Project("{FAE04EC0-301F-11D3-BF4B-00C04F79EFBC}") = "HanoiTower", "..\HanoiTower\HanoiTower.csproj", "{40CA1E1E-E7B9-4206-8E0A-83F5E0DAF7C5}"
EndProject
Global
	GlobalSection(SolutionConfigurationPlatforms) = preSolution
		Debug|Any CPU = Debug|Any CPU
		Release|Any CPU = Release|Any CPU
	EndGlobalSection
	GlobalSection(ProjectConfigurationPlatforms) = postSolution
		{79D93D64-45A4-4F97-89BE-99A569F65E2A}.Debug|Any CPU.ActiveCfg = Debug|Any CPU
		{79D93D64-45A4-4F97-89BE-99A569F65E2A}.Debug|Any CPU.Build.0 = Debug|Any CPU
		{79D93D64-45A4-4F97-89BE-99A569F65E2A}.Release|Any CPU.ActiveCfg = Release|Any CPU
		{79D93D64-45A4-4F97-89BE-99A569F65E2A}.Release|Any CPU.Build.0 = Release|Any CPU
		{0460336D-623A-4BCC-87EB-4D5C9643F347}.Debug|Any CPU.ActiveCfg = Debug|Any CPU
		{0460336D-623A-4BCC-87EB-4D5C9643F347}.Debug|Any CPU.Build.0 = Debug|Any CPU
		{0460336D-623A-4BCC-87EB-4D5C9643F347}.Release|Any CPU.ActiveCfg = Release|Any CPU
		{0460336D-623A-4BCC-87EB-4D5C9643F347}.Release|Any CPU.Build.0 = Release|Any CPU
		{40CA1E1E-E7B9-4206-8E0A-83F5E0DAF7C5}.Debug|Any CPU.ActiveCfg = Debug|Any CPU
		{40CA1E1E-E7B9-4206-8E0A-83F5E0DAF7C5}.Debug|Any CPU.Build.0 = Debug|Any CPU
		{40CA1E1E-E7B9-4206-8E0A-83F5E0DAF7C5}.Release|Any CPU.ActiveCfg = Release|Any CPU
		{40CA1E1E-E7B9-4206-8E0A-83F5E0DAF7C5}.Release|Any CPU.Build.0 = Release|Any CPU
	EndGlobalSection
	GlobalSection(SolutionProperties) = preSolution
		HideSolutionNode = FALSE
	EndGlobalSection
	GlobalSection(ExtensibilityGlobals) = postSolution
		SolutionGuid = {C73FAE2A-410A-440A-BE7B-3782EA4585E1}
	EndGlobalSection
EndGlobal
