
Microsoft Visual Studio Solution File, Format Version 12.00
# Visual Studio Version 17
VisualStudioVersion = 17.14.36408.4
MinimumVisualStudioVersion = 10.0.40219.1
Project("{FAE04EC0-301F-11D3-BF4B-00C04F79EFBC}") = "HanoiTower", "HanoiTower\HanoiTower.csproj", "{BC99B6CF-7487-424C-C24C-9DE6F8334FFD}"
EndProject
Project("{FAE04EC0-301F-11D3-BF4B-00C04F79EFBC}") = "TestProject3", "TestProject3\TestProject3.csproj", "{9255BF4E-9C08-6BDD-A8E2-A9D794697774}"
EndProject
Project("{FAE04EC0-301F-11D3-BF4B-00C04F79EFBC}") = "Portfolio", "Portfolio\Portfolio.csproj", "{0EF07EB3-D5B2-6878-5AF7-019C4FEC1331}"
EndProject
Project("{FAE04EC0-301F-11D3-BF4B-00C04F79EFBC}") = "DataStructures", "DataStructures\DataStructures.csproj", "{18643D2E-56BD-477E-B840-69F9AC758661}"
EndProject
Project("{FAE04EC0-301F-11D3-BF4B-00C04F79EFBC}") = "Fib", "Fib\Fib.csproj", "{C3AF43D0-4664-4ABA-A446-4348CB317D2D}"
EndProject
Project("{FAE04EC0-301F-11D3-BF4B-00C04F79EFBC}") = "SortingDemo", "SortingDemo\SortingDemo.csproj", "{DC58921C-58CA-4767-BF7C-FB9988355586}"
EndProject
Global
	GlobalSection(SolutionConfigurationPlatforms) = preSolution
		Debug|Any CPU = Debug|Any CPU
		Release|Any CPU = Release|Any CPU
	EndGlobalSection
	GlobalSection(ProjectConfigurationPlatforms) = postSolution
		{BC99B6CF-7487-424C-C24C-9DE6F8334FFD}.Debug|Any CPU.ActiveCfg = Debug|Any CPU
		{BC99B6CF-7487-424C-C24C-9DE6F8334FFD}.Debug|Any CPU.Build.0 = Debug|Any CPU
		{BC99B6CF-7487-424C-C24C-9DE6F8334FFD}.Release|Any CPU.ActiveCfg = Release|Any CPU
		{BC99B6CF-7487-424C-C24C-9DE6F8334FFD}.Release|Any CPU.Build.0 = Release|Any CPU
		{9255BF4E-9C08-6BDD-A8E2-A9D794697774}.Debug|Any CPU.ActiveCfg = Debug|Any CPU
		{9255BF4E-9C08-6BDD-A8E2-A9D794697774}.Debug|Any CPU.Build.0 = Debug|Any CPU
		{9255BF4E-9C08-6BDD-A8E2-A9D794697774}.Release|Any CPU.ActiveCfg = Release|Any CPU
		{9255BF4E-9C08-6BDD-A8E2-A9D794697774}.Release|Any CPU.Build.0 = Release|Any CPU
		{0EF07EB3-D5B2-6878-5AF7-019C4FEC1331}.Debug|Any CPU.ActiveCfg = Debug|Any CPU
		{0EF07EB3-D5B2-6878-5AF7-019C4FEC1331}.Debug|Any CPU.Build.0 = Debug|Any CPU
		{0EF07EB3-D5B2-6878-5AF7-019C4FEC1331}.Release|Any CPU.ActiveCfg = Release|Any CPU
		{0EF07EB3-D5B2-6878-5AF7-019C4FEC1331}.Release|Any CPU.Build.0 = Release|Any CPU
		{18643D2E-56BD-477E-B840-69F9AC758661}.Debug|Any CPU.ActiveCfg = Debug|Any CPU
		{18643D2E-56BD-477E-B840-69F9AC758661}.Debug|Any CPU.Build.0 = Debug|Any CPU
		{18643D2E-56BD-477E-B840-69F9AC758661}.Release|Any CPU.ActiveCfg = Release|Any CPU
		{18643D2E-56BD-477E-B840-69F9AC758661}.Release|Any CPU.Build.0 = Release|Any CPU
		{C3AF43D0-4664-4ABA-A446-4348CB317D2D}.Debug|Any CPU.ActiveCfg = Debug|Any CPU
		{C3AF43D0-4664-4ABA-A446-4348CB317D2D}.Debug|Any CPU.Build.0 = Debug|Any CPU
		{C3AF43D0-4664-4ABA-A446-4348CB317D2D}.Release|Any CPU.ActiveCfg = Release|Any CPU
		{C3AF43D0-4664-4ABA-A446-4348CB317D2D}.Release|Any CPU.Build.0 = Release|Any CPU
		{DC58921C-58CA-4767-BF7C-FB9988355586}.Debug|Any CPU.ActiveCfg = Debug|Any CPU
		{DC58921C-58CA-4767-BF7C-FB9988355586}.Debug|Any CPU.Build.0 = Debug|Any CPU
		{DC58921C-58CA-4767-BF7C-FB9988355586}.Release|Any CPU.ActiveCfg = Release|Any CPU
		{DC58921C-58CA-4767-BF7C-FB9988355586}.Release|Any CPU.Build.0 = Release|Any CPU
	EndGlobalSection
	GlobalSection(SolutionProperties) = preSolution
		HideSolutionNode = FALSE
	EndGlobalSection
	GlobalSection(ExtensibilityGlobals) = postSolution
		SolutionGuid = {C73FAE2A-410A-440A-BE7B-3782EA4585E1}
	EndGlobalSection
EndGlobal
